
Microsoft Visual Studio Solution File, Format Version 12.00
# Visual Studio Version 16
VisualStudioVersion = 16.0.30621.155
MinimumVisualStudioVersion = 10.0.40219.1
Project("{FAE04EC0-301F-11D3-BF4B-00C04F79EFBC}") = "Playtech", "Playtech\Playtech.csproj", "{3464EB06-DA71-4913-B07B-C20239056FE2}"
EndProject
Global
	GlobalSection(SolutionConfigurationPlatforms) = preSolution
		Debug|Any CPU = Debug|Any CPU
		Release|Any CPU = Release|Any CPU
	EndGlobalSection
	GlobalSection(ProjectConfigurationPlatforms) = postSolution
		{3464EB06-DA71-4913-B07B-C20239056FE2}.Debug|Any CPU.ActiveCfg = Debug|Any CPU
		{3464EB06-DA71-4913-B07B-C20239056FE2}.Debug|Any CPU.Build.0 = Debug|Any CPU
		{3464EB06-DA71-4913-B07B-C20239056FE2}.Release|Any CPU.ActiveCfg = Release|Any CPU
		{3464EB06-DA71-4913-B07B-C20239056FE2}.Release|Any CPU.Build.0 = Release|Any CPU
	EndGlobalSection
	GlobalSection(SolutionProperties) = preSolution
		HideSolutionNode = FALSE
	EndGlobalSection
	GlobalSection(ExtensibilityGlobals) = postSolution
		SolutionGuid = {052B8445-449E-4DE5-801E-CD57BD54BEFA}
	EndGlobalSection
EndGlobal
